
Microsoft Visual Studio Solution File, Format Version 12.00
# Visual Studio Version 17
VisualStudioVersion = 17.10.35027.167
MinimumVisualStudioVersion = 10.0.40219.1
Project("{9A19103F-16F7-4668-BE54-9A1E7A4F7556}") = "AspNetWeb_NLayer.DAL", "AspNetWeb_NLayer.DAL\AspNetWeb_NLayer.DAL.csproj", "{2C4346FB-E084-41DC-A19B-117E474315ED}"
EndProject
Project("{9A19103F-16F7-4668-BE54-9A1E7A4F7556}") = "AspNetWeb_NLayer.BLL", "AspNetWeb_NLayer.BLL\AspNetWeb_NLayer.BLL.csproj", "{E388864F-9A96-4A6D-A18A-5D94F6EA3650}"
EndProject
Project("{9A19103F-16F7-4668-BE54-9A1E7A4F7556}") = "ConsoleAppBLL", "ConsoleAppBLL\ConsoleAppBLL.csproj", "{8A6E9B13-F63A-499E-AA3D-BB34E4D657A0}"
EndProject
Project("{9A19103F-16F7-4668-BE54-9A1E7A4F7556}") = "AspNetWeb_Product", "AspNetWeb_Product\AspNetWeb_Product.csproj", "{AADA182F-EEB4-4E0D-9785-E5B1420FE592}"
EndProject
Project("{FAE04EC0-301F-11D3-BF4B-00C04F79EFBC}") = "AspNetWeb_NLayer.DAL.Tests", "TestDAL\AspNetWeb_NLayer.DAL.Tests.csproj", "{B722FFDF-10B9-4ECB-92B3-A67259FE2F19}"
EndProject
Project("{FAE04EC0-301F-11D3-BF4B-00C04F79EFBC}") = "AspNetWeb_NLayer.BLL.Tests", "TestBLL\AspNetWeb_NLayer.BLL.Tests.csproj", "{257619E1-5ACB-46AE-A609-2C9168613731}"
EndProject
Project("{FAE04EC0-301F-11D3-BF4B-00C04F79EFBC}") = "AspNetWeb_Product.Tests", "TestPL\AspNetWeb_Product.Tests.csproj", "{7A84845D-8275-4E46-ABF0-8A53076BFE5C}"
EndProject
Global
	GlobalSection(SolutionConfigurationPlatforms) = preSolution
		Debug|Any CPU = Debug|Any CPU
		Release|Any CPU = Release|Any CPU
	EndGlobalSection
	GlobalSection(ProjectConfigurationPlatforms) = postSolution
		{2C4346FB-E084-41DC-A19B-117E474315ED}.Debug|Any CPU.ActiveCfg = Debug|Any CPU
		{2C4346FB-E084-41DC-A19B-117E474315ED}.Debug|Any CPU.Build.0 = Debug|Any CPU
		{2C4346FB-E084-41DC-A19B-117E474315ED}.Release|Any CPU.ActiveCfg = Release|Any CPU
		{2C4346FB-E084-41DC-A19B-117E474315ED}.Release|Any CPU.Build.0 = Release|Any CPU
		{E388864F-9A96-4A6D-A18A-5D94F6EA3650}.Debug|Any CPU.ActiveCfg = Debug|Any CPU
		{E388864F-9A96-4A6D-A18A-5D94F6EA3650}.Debug|Any CPU.Build.0 = Debug|Any CPU
		{E388864F-9A96-4A6D-A18A-5D94F6EA3650}.Release|Any CPU.ActiveCfg = Release|Any CPU
		{E388864F-9A96-4A6D-A18A-5D94F6EA3650}.Release|Any CPU.Build.0 = Release|Any CPU
		{8A6E9B13-F63A-499E-AA3D-BB34E4D657A0}.Debug|Any CPU.ActiveCfg = Debug|Any CPU
		{8A6E9B13-F63A-499E-AA3D-BB34E4D657A0}.Debug|Any CPU.Build.0 = Debug|Any CPU
		{8A6E9B13-F63A-499E-AA3D-BB34E4D657A0}.Release|Any CPU.ActiveCfg = Release|Any CPU
		{8A6E9B13-F63A-499E-AA3D-BB34E4D657A0}.Release|Any CPU.Build.0 = Release|Any CPU
		{AADA182F-EEB4-4E0D-9785-E5B1420FE592}.Debug|Any CPU.ActiveCfg = Debug|Any CPU
		{AADA182F-EEB4-4E0D-9785-E5B1420FE592}.Debug|Any CPU.Build.0 = Debug|Any CPU
		{AADA182F-EEB4-4E0D-9785-E5B1420FE592}.Release|Any CPU.ActiveCfg = Release|Any CPU
		{AADA182F-EEB4-4E0D-9785-E5B1420FE592}.Release|Any CPU.Build.0 = Release|Any CPU
		{B722FFDF-10B9-4ECB-92B3-A67259FE2F19}.Debug|Any CPU.ActiveCfg = Debug|Any CPU
		{B722FFDF-10B9-4ECB-92B3-A67259FE2F19}.Debug|Any CPU.Build.0 = Debug|Any CPU
		{B722FFDF-10B9-4ECB-92B3-A67259FE2F19}.Release|Any CPU.ActiveCfg = Release|Any CPU
		{B722FFDF-10B9-4ECB-92B3-A67259FE2F19}.Release|Any CPU.Build.0 = Release|Any CPU
		{257619E1-5ACB-46AE-A609-2C9168613731}.Debug|Any CPU.ActiveCfg = Debug|Any CPU
		{257619E1-5ACB-46AE-A609-2C9168613731}.Debug|Any CPU.Build.0 = Debug|Any CPU
		{257619E1-5ACB-46AE-A609-2C9168613731}.Release|Any CPU.ActiveCfg = Release|Any CPU
		{257619E1-5ACB-46AE-A609-2C9168613731}.Release|Any CPU.Build.0 = Release|Any CPU
		{7A84845D-8275-4E46-ABF0-8A53076BFE5C}.Debug|Any CPU.ActiveCfg = Debug|Any CPU
		{7A84845D-8275-4E46-ABF0-8A53076BFE5C}.Debug|Any CPU.Build.0 = Debug|Any CPU
		{7A84845D-8275-4E46-ABF0-8A53076BFE5C}.Release|Any CPU.ActiveCfg = Release|Any CPU
		{7A84845D-8275-4E46-ABF0-8A53076BFE5C}.Release|Any CPU.Build.0 = Release|Any CPU
	EndGlobalSection
	GlobalSection(SolutionProperties) = preSolution
		HideSolutionNode = FALSE
	EndGlobalSection
	GlobalSection(ExtensibilityGlobals) = postSolution
		SolutionGuid = {ACC8140E-459B-4837-8925-3DB5CE22BAB4}
	EndGlobalSection
EndGlobal
